{
  "requires": true,
  "lockfileVersion": 1,
  "dependencies": {
    "file-type": {
      "version": "7.5.0",
      "resolved": "https://registry.npmjs.org/file-type/-/file-type-7.5.0.tgz",
      "integrity": "sha512-siGSLPCL9mJM10TaTswSF2Ry60stJaemPbAf2StSGOcjlfVIA2V/wX3Qg8IiTHmGLMch0ZaM9DhszSo5rfIulg=="
    }
  }
}
